{
  "name": "yaroslavpysartoo",
  "version": "1.0.0",
  "lockfileVersion": 3,
  "requires": true,
  "packages": {
    "": {
      "name": "yaroslavpysartoo",
      "version": "1.0.0",
      "license": "MIT",
      "dependencies": {
        "yaroslavpysarone": "^1.0.0"
      }
    },
    "node_modules/yaroslavpysarone": {
      "version": "1.0.0",
      "resolved": "https://registry.npmjs.org/yaroslavpysarone/-/yaroslavpysarone-1.0.0.tgz",
      "integrity": "sha512-nCkVMQwkhoiWKKO1JpPMUOfmFbetTBFEL01RDNDIVnszKzsz0REDS2IU/C/e73r4JAlLZotjzoktcIPjXdGJfQ==",
      "license": "MIT"
    }
  }
}
